// !$*UTF8*$!
{
	archiveVersion = 1;
	classes = {
	};
	objectVersion = 56;
	objects = {

/* Begin PBXBuildFile section */
		AE33D3C7299EA67A00119E23 /* RamCharacter.swift in Sources */ = {isa = PBXBuildFile; fileRef = AE33D3C2299EA67900119E23 /* RamCharacter.swift */; };
		AE33D3C8299EA67A00119E23 /* RamPaginatedList.swift in Sources */ = {isa = PBXBuildFile; fileRef = AE33D3C3299EA67900119E23 /* RamPaginatedList.swift */; };
		AE33D3C9299EA67A00119E23 /* RamBaseLocation.swift in Sources */ = {isa = PBXBuildFile; fileRef = AE33D3C4299EA67900119E23 /* RamBaseLocation.swift */; };
		AE33D3CE299EA73300119E23 /* RamAPIDataSource.swift in Sources */ = {isa = PBXBuildFile; fileRef = AE33D3CC299EA73300119E23 /* RamAPIDataSource.swift */; };
		AE33D3CF299EA73300119E23 /* RamAPIDataSourceProtocol.swift in Sources */ = {isa = PBXBuildFile; fileRef = AE33D3CD299EA73300119E23 /* RamAPIDataSourceProtocol.swift */; };
		AE33D3D2299EAC7300119E23 /* Alamofire in Frameworks */ = {isa = PBXBuildFile; productRef = AE33D3D1299EAC7300119E23 /* Alamofire */; };
		AE33D3D5299EACAA00119E23 /* AlamofireImage in Frameworks */ = {isa = PBXBuildFile; productRef = AE33D3D4299EACAA00119E23 /* AlamofireImage */; };
		AE33D3D8299EB58C00119E23 /* BaseDataSource.swift in Sources */ = {isa = PBXBuildFile; fileRef = AE33D3D7299EB58C00119E23 /* BaseDataSource.swift */; };
		AE33D3DA299EB62B00119E23 /* ErrorModel.swift in Sources */ = {isa = PBXBuildFile; fileRef = AE33D3D9299EB62B00119E23 /* ErrorModel.swift */; };
		AE33D3DC299EB6ED00119E23 /* SwiftExtensions.swift in Sources */ = {isa = PBXBuildFile; fileRef = AE33D3DB299EB6ED00119E23 /* SwiftExtensions.swift */; };
		AE33D3DF299ED73F00119E23 /* Coordinator.swift in Sources */ = {isa = PBXBuildFile; fileRef = AE33D3DE299ED73F00119E23 /* Coordinator.swift */; };
		AE33D3E2299ED7D200119E23 /* SimpleCoordinator.swift in Sources */ = {isa = PBXBuildFile; fileRef = AE33D3E1299ED7D200119E23 /* SimpleCoordinator.swift */; };
		AE33D3E4299ED96000119E23 /* SimpleDependencies.swift in Sources */ = {isa = PBXBuildFile; fileRef = AE33D3E3299ED96000119E23 /* SimpleDependencies.swift */; };
		AE33D3E9299EDC7E00119E23 /* SimpleListPresenter.swift in Sources */ = {isa = PBXBuildFile; fileRef = AE33D3E6299EDC7E00119E23 /* SimpleListPresenter.swift */; };
		AE33D3EA299EDC7E00119E23 /* SimpleListPresenterProtocol.swift in Sources */ = {isa = PBXBuildFile; fileRef = AE33D3E7299EDC7E00119E23 /* SimpleListPresenterProtocol.swift */; };
		AE33D3EB299EDC7E00119E23 /* SimpleListViewController.swift in Sources */ = {isa = PBXBuildFile; fileRef = AE33D3E8299EDC7E00119E23 /* SimpleListViewController.swift */; };
		AE33D3ED299EDCEF00119E23 /* BasePresenter.swift in Sources */ = {isa = PBXBuildFile; fileRef = AE33D3EC299EDCEF00119E23 /* BasePresenter.swift */; };
		AE33D3EF299EDD5800119E23 /* BaseViewController.swift in Sources */ = {isa = PBXBuildFile; fileRef = AE33D3EE299EDD5800119E23 /* BaseViewController.swift */; };
		AE33D3F2299EE08000119E23 /* UIVIew+fill.swift in Sources */ = {isa = PBXBuildFile; fileRef = AE33D3F1299EE08000119E23 /* UIVIew+fill.swift */; };
		AE6A6A95299D4D40002FDECE /* AppDelegate.swift in Sources */ = {isa = PBXBuildFile; fileRef = AE6A6A94299D4D40002FDECE /* AppDelegate.swift */; };
		AE6A6A97299D4D40002FDECE /* SceneDelegate.swift in Sources */ = {isa = PBXBuildFile; fileRef = AE6A6A96299D4D40002FDECE /* SceneDelegate.swift */; };
		AE6A6A9E299D4D45002FDECE /* Assets.xcassets in Resources */ = {isa = PBXBuildFile; fileRef = AE6A6A9D299D4D45002FDECE /* Assets.xcassets */; };
		AE994E9F2A29046800E42918 /* RamCharacterTests.swift in Sources */ = {isa = PBXBuildFile; fileRef = AE994E962A29046800E42918 /* RamCharacterTests.swift */; };
		AE994EA02A29046800E42918 /* RamBaseLocationTests.swift in Sources */ = {isa = PBXBuildFile; fileRef = AE994E972A29046800E42918 /* RamBaseLocationTests.swift */; };
		AE994EA12A29046800E42918 /* RamPaginatedListTests.swift in Sources */ = {isa = PBXBuildFile; fileRef = AE994E982A29046800E42918 /* RamPaginatedListTests.swift */; };
		AE994EA22A29046800E42918 /* SimpleListItemTests.swift in Sources */ = {isa = PBXBuildFile; fileRef = AE994E9B2A29046800E42918 /* SimpleListItemTests.swift */; };
		AE994EA32A29046800E42918 /* SimplePaginatedListTests.swift in Sources */ = {isa = PBXBuildFile; fileRef = AE994E9C2A29046800E42918 /* SimplePaginatedListTests.swift */; };
		AE994EA42A29046800E42918 /* ErrorModelTests.swift in Sources */ = {isa = PBXBuildFile; fileRef = AE994E9D2A29046800E42918 /* ErrorModelTests.swift */; };
		AE994EA52A29046800E42918 /* JsvApp.xctestplan in Resources */ = {isa = PBXBuildFile; fileRef = AE994E9E2A29046800E42918 /* JsvApp.xctestplan */; };
		AEAB4E1A29A81132002E80B8 /* SimpleTitleListView.swift in Sources */ = {isa = PBXBuildFile; fileRef = AEAB4E1929A81132002E80B8 /* SimpleTitleListView.swift */; };
		AEAD8CC0299FCF1D00145E98 /* SimpleInteractorProtocol.swift in Sources */ = {isa = PBXBuildFile; fileRef = AEAD8CBE299FCF1D00145E98 /* SimpleInteractorProtocol.swift */; };
		AEAD8CC1299FCF1D00145E98 /* SimpleInteractor.swift in Sources */ = {isa = PBXBuildFile; fileRef = AEAD8CBF299FCF1D00145E98 /* SimpleInteractor.swift */; };
		AEAD8CC4299FD29600145E98 /* SimpleRepository.swift in Sources */ = {isa = PBXBuildFile; fileRef = AEAD8CC2299FD29600145E98 /* SimpleRepository.swift */; };
		AEAD8CC5299FD29600145E98 /* SimpleRepositoryProtocol.swift in Sources */ = {isa = PBXBuildFile; fileRef = AEAD8CC3299FD29600145E98 /* SimpleRepositoryProtocol.swift */; };
		AEAD8CC7299FE04600145E98 /* SimpleListItem.swift in Sources */ = {isa = PBXBuildFile; fileRef = AEAD8CC6299FE04600145E98 /* SimpleListItem.swift */; };
		AEAD8CC9299FE2CA00145E98 /* SimplePaginatedList.swift in Sources */ = {isa = PBXBuildFile; fileRef = AEAD8CC8299FE2CA00145E98 /* SimplePaginatedList.swift */; };
		AEAD8CCB299FF1FB00145E98 /* SimpleItemListView.swift in Sources */ = {isa = PBXBuildFile; fileRef = AEAD8CCA299FF1FB00145E98 /* SimpleItemListView.swift */; };
		AEAD8CCD29A0D37E00145E98 /* LoadingView.swift in Sources */ = {isa = PBXBuildFile; fileRef = AEAD8CCC29A0D37E00145E98 /* LoadingView.swift */; };
		AEAD8CE029A0FAB600145E98 /* SimpleDetailPresenter.swift in Sources */ = {isa = PBXBuildFile; fileRef = AEAD8CDD29A0FAB600145E98 /* SimpleDetailPresenter.swift */; };
		AEAD8CE129A0FAB600145E98 /* SimpleDetailPresenterProtocol.swift in Sources */ = {isa = PBXBuildFile; fileRef = AEAD8CDE29A0FAB600145E98 /* SimpleDetailPresenterProtocol.swift */; };
		AEAD8CE229A0FAB600145E98 /* SimpleDetailViewController.swift in Sources */ = {isa = PBXBuildFile; fileRef = AEAD8CDF29A0FAB600145E98 /* SimpleDetailViewController.swift */; };
		AEAD8CE429A146A600145E98 /* SimpleImageHeaderView.swift in Sources */ = {isa = PBXBuildFile; fileRef = AEAD8CE329A146A600145E98 /* SimpleImageHeaderView.swift */; };
/* End PBXBuildFile section */

/* Begin PBXContainerItemProxy section */
		AE6A6AA8299D4D46002FDECE /* PBXContainerItemProxy */ = {
			isa = PBXContainerItemProxy;
			containerPortal = AE6A6A89299D4D3F002FDECE /* Project object */;
			proxyType = 1;
			remoteGlobalIDString = AE6A6A90299D4D40002FDECE;
			remoteInfo = JsvApp;
		};
/* End PBXContainerItemProxy section */

/* Begin PBXFileReference section */
		AE33D3C2299EA67900119E23 /* RamCharacter.swift */ = {isa = PBXFileReference; fileEncoding = 4; lastKnownFileType = sourcecode.swift; path = RamCharacter.swift; sourceTree = "<group>"; };
		AE33D3C3299EA67900119E23 /* RamPaginatedList.swift */ = {isa = PBXFileReference; fileEncoding = 4; lastKnownFileType = sourcecode.swift; path = RamPaginatedList.swift; sourceTree = "<group>"; };
		AE33D3C4299EA67900119E23 /* RamBaseLocation.swift */ = {isa = PBXFileReference; fileEncoding = 4; lastKnownFileType = sourcecode.swift; path = RamBaseLocation.swift; sourceTree = "<group>"; };
		AE33D3CC299EA73300119E23 /* RamAPIDataSource.swift */ = {isa = PBXFileReference; lastKnownFileType = sourcecode.swift; path = RamAPIDataSource.swift; sourceTree = "<group>"; };
		AE33D3CD299EA73300119E23 /* RamAPIDataSourceProtocol.swift */ = {isa = PBXFileReference; lastKnownFileType = sourcecode.swift; path = RamAPIDataSourceProtocol.swift; sourceTree = "<group>"; };
		AE33D3D7299EB58C00119E23 /* BaseDataSource.swift */ = {isa = PBXFileReference; lastKnownFileType = sourcecode.swift; path = BaseDataSource.swift; sourceTree = "<group>"; };
		AE33D3D9299EB62B00119E23 /* ErrorModel.swift */ = {isa = PBXFileReference; lastKnownFileType = sourcecode.swift; path = ErrorModel.swift; sourceTree = "<group>"; };
		AE33D3DB299EB6ED00119E23 /* SwiftExtensions.swift */ = {isa = PBXFileReference; lastKnownFileType = sourcecode.swift; path = SwiftExtensions.swift; sourceTree = "<group>"; };
		AE33D3DE299ED73F00119E23 /* Coordinator.swift */ = {isa = PBXFileReference; lastKnownFileType = sourcecode.swift; path = Coordinator.swift; sourceTree = "<group>"; };
		AE33D3E1299ED7D200119E23 /* SimpleCoordinator.swift */ = {isa = PBXFileReference; lastKnownFileType = sourcecode.swift; path = SimpleCoordinator.swift; sourceTree = "<group>"; };
		AE33D3E3299ED96000119E23 /* SimpleDependencies.swift */ = {isa = PBXFileReference; lastKnownFileType = sourcecode.swift; path = SimpleDependencies.swift; sourceTree = "<group>"; };
		AE33D3E6299EDC7E00119E23 /* SimpleListPresenter.swift */ = {isa = PBXFileReference; lastKnownFileType = sourcecode.swift; path = SimpleListPresenter.swift; sourceTree = "<group>"; };
		AE33D3E7299EDC7E00119E23 /* SimpleListPresenterProtocol.swift */ = {isa = PBXFileReference; lastKnownFileType = sourcecode.swift; path = SimpleListPresenterProtocol.swift; sourceTree = "<group>"; };
		AE33D3E8299EDC7E00119E23 /* SimpleListViewController.swift */ = {isa = PBXFileReference; lastKnownFileType = sourcecode.swift; path = SimpleListViewController.swift; sourceTree = "<group>"; };
		AE33D3EC299EDCEF00119E23 /* BasePresenter.swift */ = {isa = PBXFileReference; lastKnownFileType = sourcecode.swift; path = BasePresenter.swift; sourceTree = "<group>"; };
		AE33D3EE299EDD5800119E23 /* BaseViewController.swift */ = {isa = PBXFileReference; lastKnownFileType = sourcecode.swift; path = BaseViewController.swift; sourceTree = "<group>"; };
		AE33D3F1299EE08000119E23 /* UIVIew+fill.swift */ = {isa = PBXFileReference; lastKnownFileType = sourcecode.swift; path = "UIVIew+fill.swift"; sourceTree = "<group>"; };
		AE6A6A91299D4D40002FDECE /* JsvApp.app */ = {isa = PBXFileReference; explicitFileType = wrapper.application; includeInIndex = 0; path = JsvApp.app; sourceTree = BUILT_PRODUCTS_DIR; };
		AE6A6A94299D4D40002FDECE /* AppDelegate.swift */ = {isa = PBXFileReference; lastKnownFileType = sourcecode.swift; path = AppDelegate.swift; sourceTree = "<group>"; };
		AE6A6A96299D4D40002FDECE /* SceneDelegate.swift */ = {isa = PBXFileReference; lastKnownFileType = sourcecode.swift; path = SceneDelegate.swift; sourceTree = "<group>"; };
		AE6A6A9D299D4D45002FDECE /* Assets.xcassets */ = {isa = PBXFileReference; lastKnownFileType = folder.assetcatalog; path = Assets.xcassets; sourceTree = "<group>"; };
		AE6A6AA2299D4D45002FDECE /* Info.plist */ = {isa = PBXFileReference; lastKnownFileType = text.plist.xml; path = Info.plist; sourceTree = "<group>"; };
		AE6A6AA7299D4D46002FDECE /* JsvAppTests.xctest */ = {isa = PBXFileReference; explicitFileType = wrapper.cfbundle; includeInIndex = 0; path = JsvAppTests.xctest; sourceTree = BUILT_PRODUCTS_DIR; };
		AE994E962A29046800E42918 /* RamCharacterTests.swift */ = {isa = PBXFileReference; fileEncoding = 4; lastKnownFileType = sourcecode.swift; path = RamCharacterTests.swift; sourceTree = "<group>"; };
		AE994E972A29046800E42918 /* RamBaseLocationTests.swift */ = {isa = PBXFileReference; fileEncoding = 4; lastKnownFileType = sourcecode.swift; path = RamBaseLocationTests.swift; sourceTree = "<group>"; };
		AE994E982A29046800E42918 /* RamPaginatedListTests.swift */ = {isa = PBXFileReference; fileEncoding = 4; lastKnownFileType = sourcecode.swift; path = RamPaginatedListTests.swift; sourceTree = "<group>"; };
		AE994E9B2A29046800E42918 /* SimpleListItemTests.swift */ = {isa = PBXFileReference; fileEncoding = 4; lastKnownFileType = sourcecode.swift; path = SimpleListItemTests.swift; sourceTree = "<group>"; };
		AE994E9C2A29046800E42918 /* SimplePaginatedListTests.swift */ = {isa = PBXFileReference; fileEncoding = 4; lastKnownFileType = sourcecode.swift; path = SimplePaginatedListTests.swift; sourceTree = "<group>"; };
		AE994E9D2A29046800E42918 /* ErrorModelTests.swift */ = {isa = PBXFileReference; fileEncoding = 4; lastKnownFileType = sourcecode.swift; path = ErrorModelTests.swift; sourceTree = "<group>"; };
		AE994E9E2A29046800E42918 /* JsvApp.xctestplan */ = {isa = PBXFileReference; fileEncoding = 4; lastKnownFileType = text; path = JsvApp.xctestplan; sourceTree = "<group>"; };
		AEAB4E1929A81132002E80B8 /* SimpleTitleListView.swift */ = {isa = PBXFileReference; lastKnownFileType = sourcecode.swift; path = SimpleTitleListView.swift; sourceTree = "<group>"; };
		AEAD8CBE299FCF1D00145E98 /* SimpleInteractorProtocol.swift */ = {isa = PBXFileReference; lastKnownFileType = sourcecode.swift; path = SimpleInteractorProtocol.swift; sourceTree = "<group>"; };
		AEAD8CBF299FCF1D00145E98 /* SimpleInteractor.swift */ = {isa = PBXFileReference; lastKnownFileType = sourcecode.swift; path = SimpleInteractor.swift; sourceTree = "<group>"; };
		AEAD8CC2299FD29600145E98 /* SimpleRepository.swift */ = {isa = PBXFileReference; lastKnownFileType = sourcecode.swift; path = SimpleRepository.swift; sourceTree = "<group>"; };
		AEAD8CC3299FD29600145E98 /* SimpleRepositoryProtocol.swift */ = {isa = PBXFileReference; lastKnownFileType = sourcecode.swift; path = SimpleRepositoryProtocol.swift; sourceTree = "<group>"; };
		AEAD8CC6299FE04600145E98 /* SimpleListItem.swift */ = {isa = PBXFileReference; lastKnownFileType = sourcecode.swift; path = SimpleListItem.swift; sourceTree = "<group>"; };
		AEAD8CC8299FE2CA00145E98 /* SimplePaginatedList.swift */ = {isa = PBXFileReference; lastKnownFileType = sourcecode.swift; path = SimplePaginatedList.swift; sourceTree = "<group>"; };
		AEAD8CCA299FF1FB00145E98 /* SimpleItemListView.swift */ = {isa = PBXFileReference; lastKnownFileType = sourcecode.swift; path = SimpleItemListView.swift; sourceTree = "<group>"; };
		AEAD8CCC29A0D37E00145E98 /* LoadingView.swift */ = {isa = PBXFileReference; lastKnownFileType = sourcecode.swift; path = LoadingView.swift; sourceTree = "<group>"; };
		AEAD8CDD29A0FAB600145E98 /* SimpleDetailPresenter.swift */ = {isa = PBXFileReference; lastKnownFileType = sourcecode.swift; path = SimpleDetailPresenter.swift; sourceTree = "<group>"; };
		AEAD8CDE29A0FAB600145E98 /* SimpleDetailPresenterProtocol.swift */ = {isa = PBXFileReference; lastKnownFileType = sourcecode.swift; path = SimpleDetailPresenterProtocol.swift; sourceTree = "<group>"; };
		AEAD8CDF29A0FAB600145E98 /* SimpleDetailViewController.swift */ = {isa = PBXFileReference; lastKnownFileType = sourcecode.swift; path = SimpleDetailViewController.swift; sourceTree = "<group>"; };
		AEAD8CE329A146A600145E98 /* SimpleImageHeaderView.swift */ = {isa = PBXFileReference; lastKnownFileType = sourcecode.swift; path = SimpleImageHeaderView.swift; sourceTree = "<group>"; };
/* End PBXFileReference section */

/* Begin PBXFrameworksBuildPhase section */
		AE6A6A8E299D4D40002FDECE /* Frameworks */ = {
			isa = PBXFrameworksBuildPhase;
			buildActionMask = 2147483647;
			files = (
				AE33D3D2299EAC7300119E23 /* Alamofire in Frameworks */,
				AE33D3D5299EACAA00119E23 /* AlamofireImage in Frameworks */,
			);
			runOnlyForDeploymentPostprocessing = 0;
		};
		AE6A6AA4299D4D46002FDECE /* Frameworks */ = {
			isa = PBXFrameworksBuildPhase;
			buildActionMask = 2147483647;
			files = (
			);
			runOnlyForDeploymentPostprocessing = 0;
		};
/* End PBXFrameworksBuildPhase section */

/* Begin PBXGroup section */
		AE33D3C0299EA63400119E23 /* data */ = {
			isa = PBXGroup;
			children = (
				AE33D3D6299EB55700119E23 /* datasources */,
				AE33D3C1299EA63D00119E23 /* models */,
			);
			path = data;
			sourceTree = "<group>";
		};
		AE33D3C1299EA63D00119E23 /* models */ = {
			isa = PBXGroup;
			children = (
				AE33D3C3299EA67900119E23 /* RamPaginatedList.swift */,
				AE33D3C2299EA67900119E23 /* RamCharacter.swift */,
				AE33D3C4299EA67900119E23 /* RamBaseLocation.swift */,
			);
			path = models;
			sourceTree = "<group>";
		};
		AE33D3D6299EB55700119E23 /* datasources */ = {
			isa = PBXGroup;
			children = (
				AE33D3CD299EA73300119E23 /* RamAPIDataSourceProtocol.swift */,
				AE33D3CC299EA73300119E23 /* RamAPIDataSource.swift */,
			);
			path = datasources;
			sourceTree = "<group>";
		};
		AE33D3DD299ED72A00119E23 /* core */ = {
			isa = PBXGroup;
			children = (
				AE33D3F0299EE06600119E23 /* extensions */,
				AEAD8CD029A0F60C00145E98 /* viper */,
			);
			path = core;
			sourceTree = "<group>";
		};
		AE33D3E0299ED7A100119E23 /* presentation */ = {
			isa = PBXGroup;
			children = (
				AEAD8CD429A0F6CB00145E98 /* coordinator */,
				AEAD8CD729A0F76900145E98 /* design */,
				AEAD8CD929A0F78200145E98 /* feature */,
				AEAD8CDB29A0F81900145E98 /* resources */,
			);
			path = presentation;
			sourceTree = "<group>";
		};
		AE33D3E5299EDAE700119E23 /* dependencies */ = {
			isa = PBXGroup;
			children = (
				AE33D3E3299ED96000119E23 /* SimpleDependencies.swift */,
			);
			path = dependencies;
			sourceTree = "<group>";
		};
		AE33D3F0299EE06600119E23 /* extensions */ = {
			isa = PBXGroup;
			children = (
				AE33D3DB299EB6ED00119E23 /* SwiftExtensions.swift */,
				AE33D3F1299EE08000119E23 /* UIVIew+fill.swift */,
			);
			path = extensions;
			sourceTree = "<group>";
		};
		AE6A6A88299D4D3F002FDECE = {
			isa = PBXGroup;
			children = (
				AE6A6A93299D4D40002FDECE /* JsvApp */,
				AE6A6AAA299D4D46002FDECE /* JsvAppTests */,
				AE6A6A92299D4D40002FDECE /* Products */,
			);
			sourceTree = "<group>";
		};
		AE6A6A92299D4D40002FDECE /* Products */ = {
			isa = PBXGroup;
			children = (
				AE6A6A91299D4D40002FDECE /* JsvApp.app */,
				AE6A6AA7299D4D46002FDECE /* JsvAppTests.xctest */,
			);
			name = Products;
			sourceTree = "<group>";
		};
		AE6A6A93299D4D40002FDECE /* JsvApp */ = {
			isa = PBXGroup;
			children = (
				AEAD8CD529A0F6FF00145E98 /* app */,
				AE33D3DD299ED72A00119E23 /* core */,
				AE33D3E5299EDAE700119E23 /* dependencies */,
				AE33D3E0299ED7A100119E23 /* presentation */,
				AEAD8CDA29A0F7BF00145E98 /* domain */,
				AE33D3C0299EA63400119E23 /* data */,
			);
			path = JsvApp;
			sourceTree = "<group>";
		};
		AE6A6AAA299D4D46002FDECE /* JsvAppTests */ = {
			isa = PBXGroup;
			children = (
				AE994E9E2A29046800E42918 /* JsvApp.xctestplan */,
				AE994E942A29046800E42918 /* data */,
				AE994E992A29046800E42918 /* domain */,
			);
			path = JsvAppTests;
			sourceTree = "<group>";
		};
		AE994E942A29046800E42918 /* data */ = {
			isa = PBXGroup;
			children = (
				AE994E952A29046800E42918 /* model */,
			);
			path = data;
			sourceTree = "<group>";
		};
		AE994E952A29046800E42918 /* model */ = {
			isa = PBXGroup;
			children = (
				AE994E962A29046800E42918 /* RamCharacterTests.swift */,
				AE994E972A29046800E42918 /* RamBaseLocationTests.swift */,
				AE994E982A29046800E42918 /* RamPaginatedListTests.swift */,
			);
			path = model;
			sourceTree = "<group>";
		};
		AE994E992A29046800E42918 /* domain */ = {
			isa = PBXGroup;
			children = (
				AE994E9A2A29046800E42918 /* model */,
			);
			path = domain;
			sourceTree = "<group>";
		};
		AE994E9A2A29046800E42918 /* model */ = {
			isa = PBXGroup;
			children = (
				AE994E9B2A29046800E42918 /* SimpleListItemTests.swift */,
				AE994E9C2A29046800E42918 /* SimplePaginatedListTests.swift */,
				AE994E9D2A29046800E42918 /* ErrorModelTests.swift */,
			);
			path = model;
			sourceTree = "<group>";
		};
		AEAD8CCE29A0F5D700145E98 /* presenter */ = {
			isa = PBXGroup;
			children = (
				AE33D3E6299EDC7E00119E23 /* SimpleListPresenter.swift */,
				AE33D3E7299EDC7E00119E23 /* SimpleListPresenterProtocol.swift */,
			);
			path = presenter;
			sourceTree = "<group>";
		};
		AEAD8CCF29A0F5F500145E98 /* view */ = {
			isa = PBXGroup;
			children = (
				AE33D3E8299EDC7E00119E23 /* SimpleListViewController.swift */,
			);
			path = view;
			sourceTree = "<group>";
		};
		AEAD8CD029A0F60C00145E98 /* viper */ = {
			isa = PBXGroup;
			children = (
				AE33D3DE299ED73F00119E23 /* Coordinator.swift */,
				AE33D3EC299EDCEF00119E23 /* BasePresenter.swift */,
				AE33D3EE299EDD5800119E23 /* BaseViewController.swift */,
				AE33D3D7299EB58C00119E23 /* BaseDataSource.swift */,
			);
			path = viper;
			sourceTree = "<group>";
		};
		AEAD8CD129A0F6A600145E98 /* model */ = {
			isa = PBXGroup;
			children = (
				AEAD8CC8299FE2CA00145E98 /* SimplePaginatedList.swift */,
				AEAD8CC6299FE04600145E98 /* SimpleListItem.swift */,
				AE33D3D9299EB62B00119E23 /* ErrorModel.swift */,
			);
			path = model;
			sourceTree = "<group>";
		};
		AEAD8CD229A0F6B200145E98 /* repository */ = {
			isa = PBXGroup;
			children = (
				AEAD8CC2299FD29600145E98 /* SimpleRepository.swift */,
				AEAD8CC3299FD29600145E98 /* SimpleRepositoryProtocol.swift */,
			);
			path = repository;
			sourceTree = "<group>";
		};
		AEAD8CD329A0F6BF00145E98 /* interactor */ = {
			isa = PBXGroup;
			children = (
				AEAD8CBE299FCF1D00145E98 /* SimpleInteractorProtocol.swift */,
				AEAD8CBF299FCF1D00145E98 /* SimpleInteractor.swift */,
			);
			path = interactor;
			sourceTree = "<group>";
		};
		AEAD8CD429A0F6CB00145E98 /* coordinator */ = {
			isa = PBXGroup;
			children = (
				AE33D3E1299ED7D200119E23 /* SimpleCoordinator.swift */,
			);
			path = coordinator;
			sourceTree = "<group>";
		};
		AEAD8CD529A0F6FF00145E98 /* app */ = {
			isa = PBXGroup;
			children = (
				AE6A6A94299D4D40002FDECE /* AppDelegate.swift */,
				AE6A6A96299D4D40002FDECE /* SceneDelegate.swift */,
				AE6A6AA2299D4D45002FDECE /* Info.plist */,
			);
			path = app;
			sourceTree = "<group>";
		};
		AEAD8CD629A0F75D00145E98 /* molecules */ = {
			isa = PBXGroup;
			children = (
				AEAB4E1929A81132002E80B8 /* SimpleTitleListView.swift */,
				AEAD8CCA299FF1FB00145E98 /* SimpleItemListView.swift */,
				AEAD8CE329A146A600145E98 /* SimpleImageHeaderView.swift */,
				AEAD8CCC29A0D37E00145E98 /* LoadingView.swift */,
			);
			path = molecules;
			sourceTree = "<group>";
		};
		AEAD8CD729A0F76900145E98 /* design */ = {
			isa = PBXGroup;
			children = (
				AEAD8CD629A0F75D00145E98 /* molecules */,
			);
			path = design;
			sourceTree = "<group>";
		};
		AEAD8CD829A0F77600145E98 /* simpleList */ = {
			isa = PBXGroup;
			children = (
				AEAD8CCE29A0F5D700145E98 /* presenter */,
				AEAD8CCF29A0F5F500145E98 /* view */,
			);
			path = simpleList;
			sourceTree = "<group>";
		};
		AEAD8CD929A0F78200145E98 /* feature */ = {
			isa = PBXGroup;
			children = (
				AEAD8CD829A0F77600145E98 /* simpleList */,
				AEAD8CDC29A0FA8C00145E98 /* simpleDetail */,
			);
			path = feature;
			sourceTree = "<group>";
		};
		AEAD8CDA29A0F7BF00145E98 /* domain */ = {
			isa = PBXGroup;
			children = (
				AEAD8CD129A0F6A600145E98 /* model */,
				AEAD8CD329A0F6BF00145E98 /* interactor */,
				AEAD8CD229A0F6B200145E98 /* repository */,
			);
			path = domain;
			sourceTree = "<group>";
		};
		AEAD8CDB29A0F81900145E98 /* resources */ = {
			isa = PBXGroup;
			children = (
				AE6A6A9D299D4D45002FDECE /* Assets.xcassets */,
			);
			path = resources;
			sourceTree = "<group>";
		};
		AEAD8CDC29A0FA8C00145E98 /* simpleDetail */ = {
			isa = PBXGroup;
			children = (
				AEAD8CDD29A0FAB600145E98 /* SimpleDetailPresenter.swift */,
				AEAD8CDE29A0FAB600145E98 /* SimpleDetailPresenterProtocol.swift */,
				AEAD8CDF29A0FAB600145E98 /* SimpleDetailViewController.swift */,
			);
			path = simpleDetail;
			sourceTree = "<group>";
		};
/* End PBXGroup section */

/* Begin PBXNativeTarget section */
		AE6A6A90299D4D40002FDECE /* JsvApp */ = {
			isa = PBXNativeTarget;
			buildConfigurationList = AE6A6ABB299D4D47002FDECE /* Build configuration list for PBXNativeTarget "JsvApp" */;
			buildPhases = (
				AE6A6A8D299D4D40002FDECE /* Sources */,
				AE6A6A8E299D4D40002FDECE /* Frameworks */,
				AE6A6A8F299D4D40002FDECE /* Resources */,
			);
			buildRules = (
			);
			dependencies = (
			);
			name = JsvApp;
			packageProductDependencies = (
				AE33D3D1299EAC7300119E23 /* Alamofire */,
				AE33D3D4299EACAA00119E23 /* AlamofireImage */,
			);
			productName = JsvApp;
			productReference = AE6A6A91299D4D40002FDECE /* JsvApp.app */;
			productType = "com.apple.product-type.application";
		};
		AE6A6AA6299D4D46002FDECE /* JsvAppTests */ = {
			isa = PBXNativeTarget;
			buildConfigurationList = AE6A6ABE299D4D47002FDECE /* Build configuration list for PBXNativeTarget "JsvAppTests" */;
			buildPhases = (
				AE6A6AA3299D4D46002FDECE /* Sources */,
				AE6A6AA4299D4D46002FDECE /* Frameworks */,
				AE6A6AA5299D4D46002FDECE /* Resources */,
			);
			buildRules = (
			);
			dependencies = (
				AE6A6AA9299D4D46002FDECE /* PBXTargetDependency */,
			);
			name = JsvAppTests;
			productName = JsvAppTests;
			productReference = AE6A6AA7299D4D46002FDECE /* JsvAppTests.xctest */;
			productType = "com.apple.product-type.bundle.unit-test";
		};
/* End PBXNativeTarget section */

/* Begin PBXProject section */
		AE6A6A89299D4D3F002FDECE /* Project object */ = {
			isa = PBXProject;
			attributes = {
				BuildIndependentTargetsInParallel = 1;
				LastSwiftUpdateCheck = 1420;
				LastUpgradeCheck = 1420;
				ORGANIZATIONNAME = JSV;
				TargetAttributes = {
					AE6A6A90299D4D40002FDECE = {
						CreatedOnToolsVersion = 14.2;
					};
					AE6A6AA6299D4D46002FDECE = {
						CreatedOnToolsVersion = 14.2;
						TestTargetID = AE6A6A90299D4D40002FDECE;
					};
				};
			};
			buildConfigurationList = AE6A6A8C299D4D3F002FDECE /* Build configuration list for PBXProject "JsvApp" */;
			compatibilityVersion = "Xcode 14.0";
			developmentRegion = en;
			hasScannedForEncodings = 0;
			knownRegions = (
				en,
				Base,
			);
			mainGroup = AE6A6A88299D4D3F002FDECE;
			packageReferences = (
				AE33D3D0299EAC7300119E23 /* XCRemoteSwiftPackageReference "Alamofire" */,
				AE33D3D3299EACAA00119E23 /* XCRemoteSwiftPackageReference "AlamofireImage" */,
			);
			productRefGroup = AE6A6A92299D4D40002FDECE /* Products */;
			projectDirPath = "";
			projectRoot = "";
			targets = (
				AE6A6A90299D4D40002FDECE /* JsvApp */,
				AE6A6AA6299D4D46002FDECE /* JsvAppTests */,
			);
		};
/* End PBXProject section */

/* Begin PBXResourcesBuildPhase section */
		AE6A6A8F299D4D40002FDECE /* Resources */ = {
			isa = PBXResourcesBuildPhase;
			buildActionMask = 2147483647;
			files = (
				AE6A6A9E299D4D45002FDECE /* Assets.xcassets in Resources */,
			);
			runOnlyForDeploymentPostprocessing = 0;
		};
		AE6A6AA5299D4D46002FDECE /* Resources */ = {
			isa = PBXResourcesBuildPhase;
			buildActionMask = 2147483647;
			files = (
				AE994EA52A29046800E42918 /* JsvApp.xctestplan in Resources */,
			);
			runOnlyForDeploymentPostprocessing = 0;
		};
/* End PBXResourcesBuildPhase section */

/* Begin PBXSourcesBuildPhase section */
		AE6A6A8D299D4D40002FDECE /* Sources */ = {
			isa = PBXSourcesBuildPhase;
			buildActionMask = 2147483647;
			files = (
				AE6A6A95299D4D40002FDECE /* AppDelegate.swift in Sources */,
				AE33D3EB299EDC7E00119E23 /* SimpleListViewController.swift in Sources */,
				AEAD8CC0299FCF1D00145E98 /* SimpleInteractorProtocol.swift in Sources */,
				AE33D3E9299EDC7E00119E23 /* SimpleListPresenter.swift in Sources */,
				AEAD8CCD29A0D37E00145E98 /* LoadingView.swift in Sources */,
				AE33D3DF299ED73F00119E23 /* Coordinator.swift in Sources */,
				AEAD8CE429A146A600145E98 /* SimpleImageHeaderView.swift in Sources */,
				AEAD8CCB299FF1FB00145E98 /* SimpleItemListView.swift in Sources */,
				AEAD8CC1299FCF1D00145E98 /* SimpleInteractor.swift in Sources */,
				AE33D3F2299EE08000119E23 /* UIVIew+fill.swift in Sources */,
				AE33D3EF299EDD5800119E23 /* BaseViewController.swift in Sources */,
				AE33D3E4299ED96000119E23 /* SimpleDependencies.swift in Sources */,
				AEAD8CC7299FE04600145E98 /* SimpleListItem.swift in Sources */,
				AE33D3CE299EA73300119E23 /* RamAPIDataSource.swift in Sources */,
				AEAD8CC4299FD29600145E98 /* SimpleRepository.swift in Sources */,
				AEAD8CE029A0FAB600145E98 /* SimpleDetailPresenter.swift in Sources */,
				AE33D3D8299EB58C00119E23 /* BaseDataSource.swift in Sources */,
				AEAD8CE129A0FAB600145E98 /* SimpleDetailPresenterProtocol.swift in Sources */,
				AE33D3DA299EB62B00119E23 /* ErrorModel.swift in Sources */,
				AE33D3ED299EDCEF00119E23 /* BasePresenter.swift in Sources */,
				AE33D3EA299EDC7E00119E23 /* SimpleListPresenterProtocol.swift in Sources */,
				AE33D3DC299EB6ED00119E23 /* SwiftExtensions.swift in Sources */,
				AEAD8CC9299FE2CA00145E98 /* SimplePaginatedList.swift in Sources */,
				AEAB4E1A29A81132002E80B8 /* SimpleTitleListView.swift in Sources */,
				AE33D3CF299EA73300119E23 /* RamAPIDataSourceProtocol.swift in Sources */,
				AE33D3E2299ED7D200119E23 /* SimpleCoordinator.swift in Sources */,
				AEAD8CE229A0FAB600145E98 /* SimpleDetailViewController.swift in Sources */,
				AE33D3C7299EA67A00119E23 /* RamCharacter.swift in Sources */,
				AE33D3C8299EA67A00119E23 /* RamPaginatedList.swift in Sources */,
				AE33D3C9299EA67A00119E23 /* RamBaseLocation.swift in Sources */,
				AE6A6A97299D4D40002FDECE /* SceneDelegate.swift in Sources */,
				AEAD8CC5299FD29600145E98 /* SimpleRepositoryProtocol.swift in Sources */,
			);
			runOnlyForDeploymentPostprocessing = 0;
		};
		AE6A6AA3299D4D46002FDECE /* Sources */ = {
			isa = PBXSourcesBuildPhase;
			buildActionMask = 2147483647;
			files = (
				AE994EA42A29046800E42918 /* ErrorModelTests.swift in Sources */,
				AE994EA22A29046800E42918 /* SimpleListItemTests.swift in Sources */,
				AE994E9F2A29046800E42918 /* RamCharacterTests.swift in Sources */,
				AE994EA02A29046800E42918 /* RamBaseLocationTests.swift in Sources */,
				AE994EA32A29046800E42918 /* SimplePaginatedListTests.swift in Sources */,
				AE994EA12A29046800E42918 /* RamPaginatedListTests.swift in Sources */,
			);
			runOnlyForDeploymentPostprocessing = 0;
		};
/* End PBXSourcesBuildPhase section */

/* Begin PBXTargetDependency section */
		AE6A6AA9299D4D46002FDECE /* PBXTargetDependency */ = {
			isa = PBXTargetDependency;
			target = AE6A6A90299D4D40002FDECE /* JsvApp */;
			targetProxy = AE6A6AA8299D4D46002FDECE /* PBXContainerItemProxy */;
		};
/* End PBXTargetDependency section */

/* Begin XCBuildConfiguration section */
		AE6A6AB9299D4D47002FDECE /* Debug */ = {
			isa = XCBuildConfiguration;
			buildSettings = {
				ALWAYS_SEARCH_USER_PATHS = NO;
				CLANG_ANALYZER_NONNULL = YES;
				CLANG_ANALYZER_NUMBER_OBJECT_CONVERSION = YES_AGGRESSIVE;
				CLANG_CXX_LANGUAGE_STANDARD = "gnu++20";
				CLANG_ENABLE_MODULES = YES;
				CLANG_ENABLE_OBJC_ARC = YES;
				CLANG_ENABLE_OBJC_WEAK = YES;
				CLANG_WARN_BLOCK_CAPTURE_AUTORELEASING = YES;
				CLANG_WARN_BOOL_CONVERSION = YES;
				CLANG_WARN_COMMA = YES;
				CLANG_WARN_CONSTANT_CONVERSION = YES;
				CLANG_WARN_DEPRECATED_OBJC_IMPLEMENTATIONS = YES;
				CLANG_WARN_DIRECT_OBJC_ISA_USAGE = YES_ERROR;
				CLANG_WARN_DOCUMENTATION_COMMENTS = YES;
				CLANG_WARN_EMPTY_BODY = YES;
				CLANG_WARN_ENUM_CONVERSION = YES;
				CLANG_WARN_INFINITE_RECURSION = YES;
				CLANG_WARN_INT_CONVERSION = YES;
				CLANG_WARN_NON_LITERAL_NULL_CONVERSION = YES;
				CLANG_WARN_OBJC_IMPLICIT_RETAIN_SELF = YES;
				CLANG_WARN_OBJC_LITERAL_CONVERSION = YES;
				CLANG_WARN_OBJC_ROOT_CLASS = YES_ERROR;
				CLANG_WARN_QUOTED_INCLUDE_IN_FRAMEWORK_HEADER = YES;
				CLANG_WARN_RANGE_LOOP_ANALYSIS = YES;
				CLANG_WARN_STRICT_PROTOTYPES = YES;
				CLANG_WARN_SUSPICIOUS_MOVE = YES;
				CLANG_WARN_UNGUARDED_AVAILABILITY = YES_AGGRESSIVE;
				CLANG_WARN_UNREACHABLE_CODE = YES;
				CLANG_WARN__DUPLICATE_METHOD_MATCH = YES;
				COPY_PHASE_STRIP = NO;
				DEBUG_INFORMATION_FORMAT = dwarf;
				ENABLE_STRICT_OBJC_MSGSEND = YES;
				ENABLE_TESTABILITY = YES;
				GCC_C_LANGUAGE_STANDARD = gnu11;
				GCC_DYNAMIC_NO_PIC = NO;
				GCC_NO_COMMON_BLOCKS = YES;
				GCC_OPTIMIZATION_LEVEL = 0;
				GCC_PREPROCESSOR_DEFINITIONS = (
					"DEBUG=1",
					"$(inherited)",
				);
				GCC_WARN_64_TO_32_BIT_CONVERSION = YES;
				GCC_WARN_ABOUT_RETURN_TYPE = YES_ERROR;
				GCC_WARN_UNDECLARED_SELECTOR = YES;
				GCC_WARN_UNINITIALIZED_AUTOS = YES_AGGRESSIVE;
				GCC_WARN_UNUSED_FUNCTION = YES;
				GCC_WARN_UNUSED_VARIABLE = YES;
				IPHONEOS_DEPLOYMENT_TARGET = 16.2;
				MTL_ENABLE_DEBUG_INFO = INCLUDE_SOURCE;
				MTL_FAST_MATH = YES;
				ONLY_ACTIVE_ARCH = YES;
				SDKROOT = iphoneos;
				SWIFT_ACTIVE_COMPILATION_CONDITIONS = DEBUG;
				SWIFT_OPTIMIZATION_LEVEL = "-Onone";
			};
			name = Debug;
		};
		AE6A6ABA299D4D47002FDECE /* Release */ = {
			isa = XCBuildConfiguration;
			buildSettings = {
				ALWAYS_SEARCH_USER_PATHS = NO;
				CLANG_ANALYZER_NONNULL = YES;
				CLANG_ANALYZER_NUMBER_OBJECT_CONVERSION = YES_AGGRESSIVE;
				CLANG_CXX_LANGUAGE_STANDARD = "gnu++20";
				CLANG_ENABLE_MODULES = YES;
				CLANG_ENABLE_OBJC_ARC = YES;
				CLANG_ENABLE_OBJC_WEAK = YES;
				CLANG_WARN_BLOCK_CAPTURE_AUTORELEASING = YES;
				CLANG_WARN_BOOL_CONVERSION = YES;
				CLANG_WARN_COMMA = YES;
				CLANG_WARN_CONSTANT_CONVERSION = YES;
				CLANG_WARN_DEPRECATED_OBJC_IMPLEMENTATIONS = YES;
				CLANG_WARN_DIRECT_OBJC_ISA_USAGE = YES_ERROR;
				CLANG_WARN_DOCUMENTATION_COMMENTS = YES;
				CLANG_WARN_EMPTY_BODY = YES;
				CLANG_WARN_ENUM_CONVERSION = YES;
				CLANG_WARN_INFINITE_RECURSION = YES;
				CLANG_WARN_INT_CONVERSION = YES;
				CLANG_WARN_NON_LITERAL_NULL_CONVERSION = YES;
				CLANG_WARN_OBJC_IMPLICIT_RETAIN_SELF = YES;
				CLANG_WARN_OBJC_LITERAL_CONVERSION = YES;
				CLANG_WARN_OBJC_ROOT_CLASS = YES_ERROR;
				CLANG_WARN_QUOTED_INCLUDE_IN_FRAMEWORK_HEADER = YES;
				CLANG_WARN_RANGE_LOOP_ANALYSIS = YES;
				CLANG_WARN_STRICT_PROTOTYPES = YES;
				CLANG_WARN_SUSPICIOUS_MOVE = YES;
				CLANG_WARN_UNGUARDED_AVAILABILITY = YES_AGGRESSIVE;
				CLANG_WARN_UNREACHABLE_CODE = YES;
				CLANG_WARN__DUPLICATE_METHOD_MATCH = YES;
				COPY_PHASE_STRIP = NO;
				DEBUG_INFORMATION_FORMAT = "dwarf-with-dsym";
				ENABLE_NS_ASSERTIONS = NO;
				ENABLE_STRICT_OBJC_MSGSEND = YES;
				GCC_C_LANGUAGE_STANDARD = gnu11;
				GCC_NO_COMMON_BLOCKS = YES;
				GCC_WARN_64_TO_32_BIT_CONVERSION = YES;
				GCC_WARN_ABOUT_RETURN_TYPE = YES_ERROR;
				GCC_WARN_UNDECLARED_SELECTOR = YES;
				GCC_WARN_UNINITIALIZED_AUTOS = YES_AGGRESSIVE;
				GCC_WARN_UNUSED_FUNCTION = YES;
				GCC_WARN_UNUSED_VARIABLE = YES;
				IPHONEOS_DEPLOYMENT_TARGET = 16.2;
				MTL_ENABLE_DEBUG_INFO = NO;
				MTL_FAST_MATH = YES;
				SDKROOT = iphoneos;
				SWIFT_COMPILATION_MODE = wholemodule;
				SWIFT_OPTIMIZATION_LEVEL = "-O";
				VALIDATE_PRODUCT = YES;
			};
			name = Release;
		};
		AE6A6ABC299D4D47002FDECE /* Debug */ = {
			isa = XCBuildConfiguration;
			buildSettings = {
				ASSETCATALOG_COMPILER_APPICON_NAME = AppIcon;
				ASSETCATALOG_COMPILER_GLOBAL_ACCENT_COLOR_NAME = AccentColor;
				CODE_SIGN_STYLE = Manual;
				CURRENT_PROJECT_VERSION = 1;
				DEVELOPMENT_TEAM = "";
				GENERATE_INFOPLIST_FILE = YES;
				INFOPLIST_FILE = JsvApp/app/Info.plist;
				INFOPLIST_KEY_UIApplicationSupportsIndirectInputEvents = YES;
				INFOPLIST_KEY_UILaunchStoryboardName = "";
				INFOPLIST_KEY_UIMainStoryboardFile = "";
				INFOPLIST_KEY_UISupportedInterfaceOrientations = UIInterfaceOrientationPortrait;
				IPHONEOS_DEPLOYMENT_TARGET = 13.6;
				LD_RUNPATH_SEARCH_PATHS = (
					"$(inherited)",
					"@executable_path/Frameworks",
				);
				MARKETING_VERSION = 1.0.0;
				PRODUCT_BUNDLE_IDENTIFIER = com.jsv.JsvApp;
				PRODUCT_NAME = "$(TARGET_NAME)";
				PROVISIONING_PROFILE_SPECIFIER = "";
				SUPPORTED_PLATFORMS = "iphoneos iphonesimulator";
				SUPPORTS_MACCATALYST = NO;
				SUPPORTS_MAC_DESIGNED_FOR_IPHONE_IPAD = NO;
				SWIFT_EMIT_LOC_STRINGS = YES;
				SWIFT_VERSION = 5.0;
				TARGETED_DEVICE_FAMILY = 1;
			};
			name = Debug;
		};
		AE6A6ABD299D4D47002FDECE /* Release */ = {
			isa = XCBuildConfiguration;
			buildSettings = {
				ASSETCATALOG_COMPILER_APPICON_NAME = AppIcon;
				ASSETCATALOG_COMPILER_GLOBAL_ACCENT_COLOR_NAME = AccentColor;
				CODE_SIGN_STYLE = Manual;
				CURRENT_PROJECT_VERSION = 1;
				DEVELOPMENT_TEAM = "";
				GENERATE_INFOPLIST_FILE = YES;
				INFOPLIST_FILE = JsvApp/app/Info.plist;
				INFOPLIST_KEY_UIApplicationSupportsIndirectInputEvents = YES;
				INFOPLIST_KEY_UILaunchStoryboardName = "";
				INFOPLIST_KEY_UIMainStoryboardFile = "";
				INFOPLIST_KEY_UISupportedInterfaceOrientations = UIInterfaceOrientationPortrait;
				IPHONEOS_DEPLOYMENT_TARGET = 13.6;
				LD_RUNPATH_SEARCH_PATHS = (
					"$(inherited)",
					"@executable_path/Frameworks",
				);
				MARKETING_VERSION = 1.0.0;
				PRODUCT_BUNDLE_IDENTIFIER = com.jsv.JsvApp;
				PRODUCT_NAME = "$(TARGET_NAME)";
				PROVISIONING_PROFILE_SPECIFIER = "";
				SUPPORTED_PLATFORMS = "iphoneos iphonesimulator";
				SUPPORTS_MACCATALYST = NO;
				SUPPORTS_MAC_DESIGNED_FOR_IPHONE_IPAD = NO;
				SWIFT_EMIT_LOC_STRINGS = YES;
				SWIFT_VERSION = 5.0;
				TARGETED_DEVICE_FAMILY = 1;
			};
			name = Release;
		};
		AE6A6ABF299D4D47002FDECE /* Debug */ = {
			isa = XCBuildConfiguration;
			buildSettings = {
				ALWAYS_EMBED_SWIFT_STANDARD_LIBRARIES = YES;
				BUNDLE_LOADER = "$(TEST_HOST)";
				CODE_SIGN_STYLE = Automatic;
				CURRENT_PROJECT_VERSION = 1;
				GENERATE_INFOPLIST_FILE = YES;
				IPHONEOS_DEPLOYMENT_TARGET = 16.2;
				MARKETING_VERSION = 1.0;
				PRODUCT_BUNDLE_IDENTIFIER = com.jsv.JsvAppTests;
				PRODUCT_NAME = "$(TARGET_NAME)";
				SWIFT_EMIT_LOC_STRINGS = NO;
				SWIFT_VERSION = 5.0;
				TARGETED_DEVICE_FAMILY = "1,2";
				TEST_HOST = "$(BUILT_PRODUCTS_DIR)/JsvApp.app/$(BUNDLE_EXECUTABLE_FOLDER_PATH)/JsvApp";
			};
			name = Debug;
		};
		AE6A6AC0299D4D47002FDECE /* Release */ = {
			isa = XCBuildConfiguration;
			buildSettings = {
				ALWAYS_EMBED_SWIFT_STANDARD_LIBRARIES = YES;
				BUNDLE_LOADER = "$(TEST_HOST)";
				CODE_SIGN_STYLE = Automatic;
				CURRENT_PROJECT_VERSION = 1;
				GENERATE_INFOPLIST_FILE = YES;
				IPHONEOS_DEPLOYMENT_TARGET = 16.2;
				MARKETING_VERSION = 1.0;
				PRODUCT_BUNDLE_IDENTIFIER = com.jsv.JsvAppTests;
				PRODUCT_NAME = "$(TARGET_NAME)";
				SWIFT_EMIT_LOC_STRINGS = NO;
				SWIFT_VERSION = 5.0;
				TARGETED_DEVICE_FAMILY = "1,2";
				TEST_HOST = "$(BUILT_PRODUCTS_DIR)/JsvApp.app/$(BUNDLE_EXECUTABLE_FOLDER_PATH)/JsvApp";
			};
			name = Release;
		};
/* End XCBuildConfiguration section */

/* Begin XCConfigurationList section */
		AE6A6A8C299D4D3F002FDECE /* Build configuration list for PBXProject "JsvApp" */ = {
			isa = XCConfigurationList;
			buildConfigurations = (
				AE6A6AB9299D4D47002FDECE /* Debug */,
				AE6A6ABA299D4D47002FDECE /* Release */,
			);
			defaultConfigurationIsVisible = 0;
			defaultConfigurationName = Release;
		};
		AE6A6ABB299D4D47002FDECE /* Build configuration list for PBXNativeTarget "JsvApp" */ = {
			isa = XCConfigurationList;
			buildConfigurations = (
				AE6A6ABC299D4D47002FDECE /* Debug */,
				AE6A6ABD299D4D47002FDECE /* Release */,
			);
			defaultConfigurationIsVisible = 0;
			defaultConfigurationName = Release;
		};
		AE6A6ABE299D4D47002FDECE /* Build configuration list for PBXNativeTarget "JsvAppTests" */ = {
			isa = XCConfigurationList;
			buildConfigurations = (
				AE6A6ABF299D4D47002FDECE /* Debug */,
				AE6A6AC0299D4D47002FDECE /* Release */,
			);
			defaultConfigurationIsVisible = 0;
			defaultConfigurationName = Release;
		};
/* End XCConfigurationList section */

/* Begin XCRemoteSwiftPackageReference section */
		AE33D3D0299EAC7300119E23 /* XCRemoteSwiftPackageReference "Alamofire" */ = {
			isa = XCRemoteSwiftPackageReference;
			repositoryURL = "https://github.com/Alamofire/Alamofire";
			requirement = {
				kind = upToNextMajorVersion;
				minimumVersion = 5.0.0;
			};
		};
		AE33D3D3299EACAA00119E23 /* XCRemoteSwiftPackageReference "AlamofireImage" */ = {
			isa = XCRemoteSwiftPackageReference;
			repositoryURL = "https://github.com/Alamofire/AlamofireImage";
			requirement = {
				kind = upToNextMajorVersion;
				minimumVersion = 4.0.0;
			};
		};
/* End XCRemoteSwiftPackageReference section */

/* Begin XCSwiftPackageProductDependency section */
		AE33D3D1299EAC7300119E23 /* Alamofire */ = {
			isa = XCSwiftPackageProductDependency;
			package = AE33D3D0299EAC7300119E23 /* XCRemoteSwiftPackageReference "Alamofire" */;
			productName = Alamofire;
		};
		AE33D3D4299EACAA00119E23 /* AlamofireImage */ = {
			isa = XCSwiftPackageProductDependency;
			package = AE33D3D3299EACAA00119E23 /* XCRemoteSwiftPackageReference "AlamofireImage" */;
			productName = AlamofireImage;
		};
/* End XCSwiftPackageProductDependency section */
	};
	rootObject = AE6A6A89299D4D3F002FDECE /* Project object */;
}
